<Solution>
  <Folder Name="/Solution Items/">
    <File Path="Info.txt" />
    <File Path="publish-acr.ps1" />
  </Folder>
  <Folder Name="/.github/workflows/">
    <File Path=".github/workflows/build-and-push.yml" />
    <File Path=".github/workflows/ci.yml" />
  </Folder>
  <Folder Name="/infra/">
    <File Path="infra/main.bicep" />
  </Folder>
  <Folder Name="/infra/modules/">
    <File Path="infra/modules/acr-role-assignments.bicep" />
    <File Path="infra/modules/existing-acr.bicep" />
    <File Path="infra/modules/existing-production.bicep" />
    <File Path="infra/modules/existing-sql.bicep" />
    <File Path="infra/modules/existing-webapi.bicep" />
    <File Path="infra/modules/keyvault.bicep" />
    <File Path="infra/modules/staging.bicep" />
  </Folder>
  <Folder Name="/infra/disaster-recovery/">
    <File Path="infra/disaster-recovery/acr-access.bicep" />
    <File Path="infra/disaster-recovery/acr.bicep" />
    <File Path="infra/disaster-recovery/main.bicep" />
    <File Path="infra/disaster-recovery/production-web.bicep" />
    <File Path="infra/disaster-recovery/production-webapi.bicep" />
  </Folder>
  <Project Path="docker-compose.dcproj">
    <Build />
  </Project>
  <Project Path="webapi.Tests/webapi.Tests.csproj" Id="c8fc14c1-5290-4d29-b182-6cc989609903" />
  <Project Path="webapi/webapi.csproj" Id="2109b747-abf1-49ca-8ca9-c1fb730fab4c" />
  <Project Path="WebApplication1/WebApplication1.csproj" />
</Solution>
